
Microsoft Visual Studio Solution File, Format Version 12.00
# Visual Studio Version 17
VisualStudioVersion = 17.5.002.0
MinimumVisualStudioVersion = 10.0.40219.1
Project("{2150E333-8FDC-42A3-9474-1A3956D46DE8}") = "csharp-prep", "csharp-prep", "{261C3588-02C7-4A17-903C-027BC4AAAF66}"
EndProject
Project("{9A19103F-16F7-4668-BE54-9A1E7A4F7556}") = "Prep1", "csharp-prep\Prep1\Prep1.csproj", "{430A4F79-F72E-4565-AB52-9B374877D58A}"
EndProject
Project("{9A19103F-16F7-4668-BE54-9A1E7A4F7556}") = "Prep2", "csharp-prep\Prep2\Prep2.csproj", "{F45A9B73-B22F-4A67-B328-528942D8FFCA}"
EndProject
Project("{9A19103F-16F7-4668-BE54-9A1E7A4F7556}") = "Prep3", "csharp-prep\Prep3\Prep3.csproj", "{5E5E2C4F-0027-4FCC-9B43-5BDFCB264A4B}"
EndProject
Project("{9A19103F-16F7-4668-BE54-9A1E7A4F7556}") = "Prep4", "csharp-prep\Prep4\Prep4.csproj", "{140AA466-250A-4791-854F-78F6176969AF}"
EndProject
Project("{9A19103F-16F7-4668-BE54-9A1E7A4F7556}") = "Prep5", "csharp-prep\Prep5\Prep5.csproj", "{B7639600-9161-495D-AF84-64CC03F9EA9B}"
EndProject
Project("{2150E333-8FDC-42A3-9474-1A3956D46DE8}") = "final", "final", "{EC6D527C-4116-4F9D-8010-F3D0595CF8B5}"
EndProject
Project("{9A19103F-16F7-4668-BE54-9A1E7A4F7556}") = "FinalProject", "final\FinalProject\FinalProject.csproj", "{A0BC3598-B19C-4E56-93E1-FF868685E8B1}"
EndProject
Project("{9A19103F-16F7-4668-BE54-9A1E7A4F7556}") = "Foundation1", "final\Foundation1\Foundation1.csproj", "{3477E24B-5546-4294-8A56-3A11619A182A}"
EndProject
Project("{9A19103F-16F7-4668-BE54-9A1E7A4F7556}") = "Foundation2", "final\Foundation2\Foundation2.csproj", "{17D3576F-81E5-4E43-9FC7-9BDD0BDE59E0}"
EndProject
Project("{9A19103F-16F7-4668-BE54-9A1E7A4F7556}") = "Foundation3", "final\Foundation3\Foundation3.csproj", "{40325289-71E4-45C8-ADC9-972DB9D1E104}"
EndProject
Project("{9A19103F-16F7-4668-BE54-9A1E7A4F7556}") = "Foundation4", "final\Foundation4\Foundation4.csproj", "{D6EB1406-89DA-4491-B9D6-D006E7AE89A4}"
EndProject
Project("{2150E333-8FDC-42A3-9474-1A3956D46DE8}") = "prepare", "prepare", "{7CA72E19-3DA3-4121-A2B1-EC5D01B8C272}"
EndProject
Project("{9A19103F-16F7-4668-BE54-9A1E7A4F7556}") = "Learning02", "prepare\Learning02\Learning02.csproj", "{C58E130C-360C-40AA-869A-1CE3859D3E15}"
EndProject
Project("{9A19103F-16F7-4668-BE54-9A1E7A4F7556}") = "Learning03", "prepare\Learning03\Learning03.csproj", "{10CA80F3-235E-4D44-BD76-464DC80068CF}"
EndProject
Project("{9A19103F-16F7-4668-BE54-9A1E7A4F7556}") = "Learning04", "prepare\Learning04\Learning04.csproj", "{AE8E8784-ABE1-47CF-A018-1511A83681AD}"
EndProject
Project("{9A19103F-16F7-4668-BE54-9A1E7A4F7556}") = "Learning05", "prepare\Learning05\Learning05.csproj", "{6A31B3A1-CB2E-4069-BDED-1D6059A97C20}"
EndProject
Project("{2150E333-8FDC-42A3-9474-1A3956D46DE8}") = "prove", "prove", "{B8015510-7E15-4112-B63C-A1EF6E4DD5E9}"
EndProject
Project("{9A19103F-16F7-4668-BE54-9A1E7A4F7556}") = "Develop02", "prove\Develop02\Develop02.csproj", "{27B416E0-45D8-4BB1-B296-6F864E8B5202}"
EndProject
Project("{9A19103F-16F7-4668-BE54-9A1E7A4F7556}") = "Develop03", "prove\Develop03\Develop03.csproj", "{D118D06E-C323-4B09-A8A5-A49DEC4044B7}"
EndProject
Project("{9A19103F-16F7-4668-BE54-9A1E7A4F7556}") = "Develop04", "prove\Develop04\Develop04.csproj", "{E0859CB1-5EE4-4507-97AF-1F261EA4F31F}"
EndProject
Project("{9A19103F-16F7-4668-BE54-9A1E7A4F7556}") = "Develop05", "prove\Develop05\Develop05.csproj", "{69445ED1-2096-4F02-B8EF-CB0106C0F9E2}"
EndProject
Project("{2150E333-8FDC-42A3-9474-1A3956D46DE8}") = "sandbox", "sandbox", "{1466454D-F29D-4061-935C-F99AD3712DCD}"
EndProject
Project("{9A19103F-16F7-4668-BE54-9A1E7A4F7556}") = "Sandbox", "sandbox\Sandbox\Sandbox.csproj", "{C1B5789C-952F-42BA-8894-BABF94C6016F}"
EndProject
Global
	GlobalSection(SolutionConfigurationPlatforms) = preSolution
		Debug|Any CPU = Debug|Any CPU
		Release|Any CPU = Release|Any CPU
	EndGlobalSection
	GlobalSection(ProjectConfigurationPlatforms) = postSolution
		{430A4F79-F72E-4565-AB52-9B374877D58A}.Debug|Any CPU.ActiveCfg = Debug|Any CPU
		{430A4F79-F72E-4565-AB52-9B374877D58A}.Debug|Any CPU.Build.0 = Debug|Any CPU
		{430A4F79-F72E-4565-AB52-9B374877D58A}.Release|Any CPU.ActiveCfg = Release|Any CPU
		{430A4F79-F72E-4565-AB52-9B374877D58A}.Release|Any CPU.Build.0 = Release|Any CPU
		{F45A9B73-B22F-4A67-B328-528942D8FFCA}.Debug|Any CPU.ActiveCfg = Debug|Any CPU
		{F45A9B73-B22F-4A67-B328-528942D8FFCA}.Debug|Any CPU.Build.0 = Debug|Any CPU
		{F45A9B73-B22F-4A67-B328-528942D8FFCA}.Release|Any CPU.ActiveCfg = Release|Any CPU
		{F45A9B73-B22F-4A67-B328-528942D8FFCA}.Release|Any CPU.Build.0 = Release|Any CPU
		{5E5E2C4F-0027-4FCC-9B43-5BDFCB264A4B}.Debug|Any CPU.ActiveCfg = Debug|Any CPU
		{5E5E2C4F-0027-4FCC-9B43-5BDFCB264A4B}.Debug|Any CPU.Build.0 = Debug|Any CPU
		{5E5E2C4F-0027-4FCC-9B43-5BDFCB264A4B}.Release|Any CPU.ActiveCfg = Release|Any CPU
		{5E5E2C4F-0027-4FCC-9B43-5BDFCB264A4B}.Release|Any CPU.Build.0 = Release|Any CPU
		{140AA466-250A-4791-854F-78F6176969AF}.Debug|Any CPU.ActiveCfg = Debug|Any CPU
		{140AA466-250A-4791-854F-78F6176969AF}.Debug|Any CPU.Build.0 = Debug|Any CPU
		{140AA466-250A-4791-854F-78F6176969AF}.Release|Any CPU.ActiveCfg = Release|Any CPU
		{140AA466-250A-4791-854F-78F6176969AF}.Release|Any CPU.Build.0 = Release|Any CPU
		{B7639600-9161-495D-AF84-64CC03F9EA9B}.Debug|Any CPU.ActiveCfg = Debug|Any CPU
		{B7639600-9161-495D-AF84-64CC03F9EA9B}.Debug|Any CPU.Build.0 = Debug|Any CPU
		{B7639600-9161-495D-AF84-64CC03F9EA9B}.Release|Any CPU.ActiveCfg = Release|Any CPU
		{B7639600-9161-495D-AF84-64CC03F9EA9B}.Release|Any CPU.Build.0 = Release|Any CPU
		{A0BC3598-B19C-4E56-93E1-FF868685E8B1}.Debug|Any CPU.ActiveCfg = Debug|Any CPU
		{A0BC3598-B19C-4E56-93E1-FF868685E8B1}.Debug|Any CPU.Build.0 = Debug|Any CPU
		{A0BC3598-B19C-4E56-93E1-FF868685E8B1}.Release|Any CPU.ActiveCfg = Release|Any CPU
		{A0BC3598-B19C-4E56-93E1-FF868685E8B1}.Release|Any CPU.Build.0 = Release|Any CPU
		{3477E24B-5546-4294-8A56-3A11619A182A}.Debug|Any CPU.ActiveCfg = Debug|Any CPU
		{3477E24B-5546-4294-8A56-3A11619A182A}.Debug|Any CPU.Build.0 = Debug|Any CPU
		{3477E24B-5546-4294-8A56-3A11619A182A}.Release|Any CPU.ActiveCfg = Release|Any CPU
		{3477E24B-5546-4294-8A56-3A11619A182A}.Release|Any CPU.Build.0 = Release|Any CPU
		{17D3576F-81E5-4E43-9FC7-9BDD0BDE59E0}.Debug|Any CPU.ActiveCfg = Debug|Any CPU
		{17D3576F-81E5-4E43-9FC7-9BDD0BDE59E0}.Debug|Any CPU.Build.0 = Debug|Any CPU
		{17D3576F-81E5-4E43-9FC7-9BDD0BDE59E0}.Release|Any CPU.ActiveCfg = Release|Any CPU
		{17D3576F-81E5-4E43-9FC7-9BDD0BDE59E0}.Release|Any CPU.Build.0 = Release|Any CPU
		{40325289-71E4-45C8-ADC9-972DB9D1E104}.Debug|Any CPU.ActiveCfg = Debug|Any CPU
		{40325289-71E4-45C8-ADC9-972DB9D1E104}.Debug|Any CPU.Build.0 = Debug|Any CPU
		{40325289-71E4-45C8-ADC9-972DB9D1E104}.Release|Any CPU.ActiveCfg = Release|Any CPU
		{40325289-71E4-45C8-ADC9-972DB9D1E104}.Release|Any CPU.Build.0 = Release|Any CPU
		{D6EB1406-89DA-4491-B9D6-D006E7AE89A4}.Debug|Any CPU.ActiveCfg = Debug|Any CPU
		{D6EB1406-89DA-4491-B9D6-D006E7AE89A4}.Debug|Any CPU.Build.0 = Debug|Any CPU
		{D6EB1406-89DA-4491-B9D6-D006E7AE89A4}.Release|Any CPU.ActiveCfg = Release|Any CPU
		{D6EB1406-89DA-4491-B9D6-D006E7AE89A4}.Release|Any CPU.Build.0 = Release|Any CPU
		{C58E130C-360C-40AA-869A-1CE3859D3E15}.Debug|Any CPU.ActiveCfg = Debug|Any CPU
		{C58E130C-360C-40AA-869A-1CE3859D3E15}.Debug|Any CPU.Build.0 = Debug|Any CPU
		{C58E130C-360C-40AA-869A-1CE3859D3E15}.Release|Any CPU.ActiveCfg = Release|Any CPU
		{C58E130C-360C-40AA-869A-1CE3859D3E15}.Release|Any CPU.Build.0 = Release|Any CPU
		{10CA80F3-235E-4D44-BD76-464DC80068CF}.Debug|Any CPU.ActiveCfg = Debug|Any CPU
		{10CA80F3-235E-4D44-BD76-464DC80068CF}.Debug|Any CPU.Build.0 = Debug|Any CPU
		{10CA80F3-235E-4D44-BD76-464DC80068CF}.Release|Any CPU.ActiveCfg = Release|Any CPU
		{10CA80F3-235E-4D44-BD76-464DC80068CF}.Release|Any CPU.Build.0 = Release|Any CPU
		{AE8E8784-ABE1-47CF-A018-1511A83681AD}.Debug|Any CPU.ActiveCfg = Debug|Any CPU
		{AE8E8784-ABE1-47CF-A018-1511A83681AD}.Debug|Any CPU.Build.0 = Debug|Any CPU
		{AE8E8784-ABE1-47CF-A018-1511A83681AD}.Release|Any CPU.ActiveCfg = Release|Any CPU
		{AE8E8784-ABE1-47CF-A018-1511A83681AD}.Release|Any CPU.Build.0 = Release|Any CPU
		{6A31B3A1-CB2E-4069-BDED-1D6059A97C20}.Debug|Any CPU.ActiveCfg = Debug|Any CPU
		{6A31B3A1-CB2E-4069-BDED-1D6059A97C20}.Debug|Any CPU.Build.0 = Debug|Any CPU
		{6A31B3A1-CB2E-4069-BDED-1D6059A97C20}.Release|Any CPU.ActiveCfg = Release|Any CPU
		{6A31B3A1-CB2E-4069-BDED-1D6059A97C20}.Release|Any CPU.Build.0 = Release|Any CPU
		{27B416E0-45D8-4BB1-B296-6F864E8B5202}.Debug|Any CPU.ActiveCfg = Debug|Any CPU
		{27B416E0-45D8-4BB1-B296-6F864E8B5202}.Debug|Any CPU.Build.0 = Debug|Any CPU
		{27B416E0-45D8-4BB1-B296-6F864E8B5202}.Release|Any CPU.ActiveCfg = Release|Any CPU
		{27B416E0-45D8-4BB1-B296-6F864E8B5202}.Release|Any CPU.Build.0 = Release|Any CPU
		{D118D06E-C323-4B09-A8A5-A49DEC4044B7}.Debug|Any CPU.ActiveCfg = Debug|Any CPU
		{D118D06E-C323-4B09-A8A5-A49DEC4044B7}.Debug|Any CPU.Build.0 = Debug|Any CPU
		{D118D06E-C323-4B09-A8A5-A49DEC4044B7}.Release|Any CPU.ActiveCfg = Release|Any CPU
		{D118D06E-C323-4B09-A8A5-A49DEC4044B7}.Release|Any CPU.Build.0 = Release|Any CPU
		{E0859CB1-5EE4-4507-97AF-1F261EA4F31F}.Debug|Any CPU.ActiveCfg = Debug|Any CPU
		{E0859CB1-5EE4-4507-97AF-1F261EA4F31F}.Debug|Any CPU.Build.0 = Debug|Any CPU
		{E0859CB1-5EE4-4507-97AF-1F261EA4F31F}.Release|Any CPU.ActiveCfg = Release|Any CPU
		{E0859CB1-5EE4-4507-97AF-1F261EA4F31F}.Release|Any CPU.Build.0 = Release|Any CPU
		{69445ED1-2096-4F02-B8EF-CB0106C0F9E2}.Debug|Any CPU.ActiveCfg = Debug|Any CPU
		{69445ED1-2096-4F02-B8EF-CB0106C0F9E2}.Debug|Any CPU.Build.0 = Debug|Any CPU
		{69445ED1-2096-4F02-B8EF-CB0106C0F9E2}.Release|Any CPU.ActiveCfg = Release|Any CPU
		{69445ED1-2096-4F02-B8EF-CB0106C0F9E2}.Release|Any CPU.Build.0 = Release|Any CPU
		{C1B5789C-952F-42BA-8894-BABF94C6016F}.Debug|Any CPU.ActiveCfg = Debug|Any CPU
		{C1B5789C-952F-42BA-8894-BABF94C6016F}.Debug|Any CPU.Build.0 = Debug|Any CPU
		{C1B5789C-952F-42BA-8894-BABF94C6016F}.Release|Any CPU.ActiveCfg = Release|Any CPU
		{C1B5789C-952F-42BA-8894-BABF94C6016F}.Release|Any CPU.Build.0 = Release|Any CPU
	EndGlobalSection
	GlobalSection(SolutionProperties) = preSolution
		HideSolutionNode = FALSE
	EndGlobalSection
	GlobalSection(NestedProjects) = preSolution
		{430A4F79-F72E-4565-AB52-9B374877D58A} = {261C3588-02C7-4A17-903C-027BC4AAAF66}
		{F45A9B73-B22F-4A67-B328-528942D8FFCA} = {261C3588-02C7-4A17-903C-027BC4AAAF66}
		{5E5E2C4F-0027-4FCC-9B43-5BDFCB264A4B} = {261C3588-02C7-4A17-903C-027BC4AAAF66}
		{140AA466-250A-4791-854F-78F6176969AF} = {261C3588-02C7-4A17-903C-027BC4AAAF66}
		{B7639600-9161-495D-AF84-64CC03F9EA9B} = {261C3588-02C7-4A17-903C-027BC4AAAF66}
		{A0BC3598-B19C-4E56-93E1-FF868685E8B1} = {EC6D527C-4116-4F9D-8010-F3D0595CF8B5}
		{3477E24B-5546-4294-8A56-3A11619A182A} = {EC6D527C-4116-4F9D-8010-F3D0595CF8B5}
		{17D3576F-81E5-4E43-9FC7-9BDD0BDE59E0} = {EC6D527C-4116-4F9D-8010-F3D0595CF8B5}
		{40325289-71E4-45C8-ADC9-972DB9D1E104} = {EC6D527C-4116-4F9D-8010-F3D0595CF8B5}
		{D6EB1406-89DA-4491-B9D6-D006E7AE89A4} = {EC6D527C-4116-4F9D-8010-F3D0595CF8B5}
		{C58E130C-360C-40AA-869A-1CE3859D3E15} = {7CA72E19-3DA3-4121-A2B1-EC5D01B8C272}
		{10CA80F3-235E-4D44-BD76-464DC80068CF} = {7CA72E19-3DA3-4121-A2B1-EC5D01B8C272}
		{AE8E8784-ABE1-47CF-A018-1511A83681AD} = {7CA72E19-3DA3-4121-A2B1-EC5D01B8C272}
		{6A31B3A1-CB2E-4069-BDED-1D6059A97C20} = {7CA72E19-3DA3-4121-A2B1-EC5D01B8C272}
		{27B416E0-45D8-4BB1-B296-6F864E8B5202} = {B8015510-7E15-4112-B63C-A1EF6E4DD5E9}
		{D118D06E-C323-4B09-A8A5-A49DEC4044B7} = {B8015510-7E15-4112-B63C-A1EF6E4DD5E9}
		{E0859CB1-5EE4-4507-97AF-1F261EA4F31F} = {B8015510-7E15-4112-B63C-A1EF6E4DD5E9}
		{69445ED1-2096-4F02-B8EF-CB0106C0F9E2} = {B8015510-7E15-4112-B63C-A1EF6E4DD5E9}
		{C1B5789C-952F-42BA-8894-BABF94C6016F} = {1466454D-F29D-4061-935C-F99AD3712DCD}
	EndGlobalSection
	GlobalSection(ExtensibilityGlobals) = postSolution
		SolutionGuid = {50E947E5-5230-46CF-AF4D-43CA5C06EEF7}
	EndGlobalSection
EndGlobal
